// !$*UTF8*$!
{
	archiveVersion = 1;
	classes = {
	};
	objectVersion = 48;
	objects = {

/* Begin PBXBuildFile section */
		31251F95205C2CCF000EC06A /* AppDelegate.swift in Sources */ = {isa = PBXBuildFile; fileRef = 31251F94205C2CCF000EC06A /* AppDelegate.swift */; };
		31251F97205C2CCF000EC06A /* ViewController.swift in Sources */ = {isa = PBXBuildFile; fileRef = 31251F96205C2CCF000EC06A /* ViewController.swift */; };
		31251F9A205C2CCF000EC06A /* Main.storyboard in Resources */ = {isa = PBXBuildFile; fileRef = 31251F98205C2CCF000EC06A /* Main.storyboard */; };
		31251F9C205C2CCF000EC06A /* Assets.xcassets in Resources */ = {isa = PBXBuildFile; fileRef = 31251F9B205C2CCF000EC06A /* Assets.xcassets */; };
		31251F9F205C2CCF000EC06A /* LaunchScreen.storyboard in Resources */ = {isa = PBXBuildFile; fileRef = 31251F9D205C2CCF000EC06A /* LaunchScreen.storyboard */; };
		31251FA8205C2D6F000EC06A /* RealmController.swift in Sources */ = {isa = PBXBuildFile; fileRef = 31251FA7205C2D6F000EC06A /* RealmController.swift */; };
		31251FAA205C2EBA000EC06A /* Prefecture.swift in Sources */ = {isa = PBXBuildFile; fileRef = 31251FA9205C2EBA000EC06A /* Prefecture.swift */; };
		FE0C6ACB31BA02502BEBD7BF /* Pods_RealmSample.framework in Frameworks */ = {isa = PBXBuildFile; fileRef = E22FC20587E2A4FBE8817363 /* Pods_RealmSample.framework */; };
/* End PBXBuildFile section */

/* Begin PBXFileReference section */
		31251F91205C2CCF000EC06A /* RealmSample.app */ = {isa = PBXFileReference; explicitFileType = wrapper.application; includeInIndex = 0; path = RealmSample.app; sourceTree = BUILT_PRODUCTS_DIR; };
		31251F94205C2CCF000EC06A /* AppDelegate.swift */ = {isa = PBXFileReference; lastKnownFileType = sourcecode.swift; path = AppDelegate.swift; sourceTree = "<group>"; };
		31251F96205C2CCF000EC06A /* ViewController.swift */ = {isa = PBXFileReference; lastKnownFileType = sourcecode.swift; path = ViewController.swift; sourceTree = "<group>"; };
		31251F99205C2CCF000EC06A /* Base */ = {isa = PBXFileReference; lastKnownFileType = file.storyboard; name = Base; path = Base.lproj/Main.storyboard; sourceTree = "<group>"; };
		31251F9B205C2CCF000EC06A /* Assets.xcassets */ = {isa = PBXFileReference; lastKnownFileType = folder.assetcatalog; path = Assets.xcassets; sourceTree = "<group>"; };
		31251F9E205C2CCF000EC06A /* Base */ = {isa = PBXFileReference; lastKnownFileType = file.storyboard; name = Base; path = Base.lproj/LaunchScreen.storyboard; sourceTree = "<group>"; };
		31251FA0205C2CCF000EC06A /* Info.plist */ = {isa = PBXFileReference; lastKnownFileType = text.plist.xml; path = Info.plist; sourceTree = "<group>"; };
		31251FA7205C2D6F000EC06A /* RealmController.swift */ = {isa = PBXFileReference; lastKnownFileType = sourcecode.swift; path = RealmController.swift; sourceTree = "<group>"; };
		31251FA9205C2EBA000EC06A /* Prefecture.swift */ = {isa = PBXFileReference; lastKnownFileType = sourcecode.swift; path = Prefecture.swift; sourceTree = "<group>"; };
		33BC0A06377CFD5B7A719825 /* Pods-RealmSample.release.xcconfig */ = {isa = PBXFileReference; includeInIndex = 1; lastKnownFileType = text.xcconfig; name = "Pods-RealmSample.release.xcconfig"; path = "Pods/Target Support Files/Pods-RealmSample/Pods-RealmSample.release.xcconfig"; sourceTree = "<group>"; };
		4DCB52FA3D48BF99D98DC737 /* Pods-RealmSample.debug.xcconfig */ = {isa = PBXFileReference; includeInIndex = 1; lastKnownFileType = text.xcconfig; name = "Pods-RealmSample.debug.xcconfig"; path = "Pods/Target Support Files/Pods-RealmSample/Pods-RealmSample.debug.xcconfig"; sourceTree = "<group>"; };
		E22FC20587E2A4FBE8817363 /* Pods_RealmSample.framework */ = {isa = PBXFileReference; explicitFileType = wrapper.framework; includeInIndex = 0; path = Pods_RealmSample.framework; sourceTree = BUILT_PRODUCTS_DIR; };
/* End PBXFileReference section */

/* Begin PBXFrameworksBuildPhase section */
		31251F8E205C2CCF000EC06A /* Frameworks */ = {
			isa = PBXFrameworksBuildPhase;
			buildActionMask = 2147483647;
			files = (
				FE0C6ACB31BA02502BEBD7BF /* Pods_RealmSample.framework in Frameworks */,
			);
			runOnlyForDeploymentPostprocessing = 0;
		};
/* End PBXFrameworksBuildPhase section */

/* Begin PBXGroup section */
		31251F88205C2CCF000EC06A = {
			isa = PBXGroup;
			children = (
				31251F93205C2CCF000EC06A /* RealmSample */,
				31251F92205C2CCF000EC06A /* Products */,
				E56DCF7675E55DF68A163C3E /* Pods */,
				69113BA0CFB0DDCE45485C3D /* Frameworks */,
			);
			sourceTree = "<group>";
		};
		31251F92205C2CCF000EC06A /* Products */ = {
			isa = PBXGroup;
			children = (
				31251F91205C2CCF000EC06A /* RealmSample.app */,
			);
			name = Products;
			sourceTree = "<group>";
		};
		31251F93205C2CCF000EC06A /* RealmSample */ = {
			isa = PBXGroup;
			children = (
				31251FA6205C2D54000EC06A /* Realm */,
				31251F94205C2CCF000EC06A /* AppDelegate.swift */,
				31251F96205C2CCF000EC06A /* ViewController.swift */,
				31251F98205C2CCF000EC06A /* Main.storyboard */,
				31251F9B205C2CCF000EC06A /* Assets.xcassets */,
				31251F9D205C2CCF000EC06A /* LaunchScreen.storyboard */,
				31251FA0205C2CCF000EC06A /* Info.plist */,
			);
			path = RealmSample;
			sourceTree = "<group>";
		};
		31251FA6205C2D54000EC06A /* Realm */ = {
			isa = PBXGroup;
			children = (
				31251FA7205C2D6F000EC06A /* RealmController.swift */,
				31251FA9205C2EBA000EC06A /* Prefecture.swift */,
			);
			path = Realm;
			sourceTree = "<group>";
		};
		69113BA0CFB0DDCE45485C3D /* Frameworks */ = {
			isa = PBXGroup;
			children = (
				E22FC20587E2A4FBE8817363 /* Pods_RealmSample.framework */,
			);
			name = Frameworks;
			sourceTree = "<group>";
		};
		E56DCF7675E55DF68A163C3E /* Pods */ = {
			isa = PBXGroup;
			children = (
				4DCB52FA3D48BF99D98DC737 /* Pods-RealmSample.debug.xcconfig */,
				33BC0A06377CFD5B7A719825 /* Pods-RealmSample.release.xcconfig */,
			);
			name = Pods;
			sourceTree = "<group>";
		};
/* End PBXGroup section */

/* Begin PBXNativeTarget section */
		31251F90205C2CCF000EC06A /* RealmSample */ = {
			isa = PBXNativeTarget;
			buildConfigurationList = 31251FA3205C2CCF000EC06A /* Build configuration list for PBXNativeTarget "RealmSample" */;
			buildPhases = (
				3CCE9CFCBDBB908F1D0D21A5 /* [CP] Check Pods Manifest.lock */,
				31251F8D205C2CCF000EC06A /* Sources */,
				31251F8E205C2CCF000EC06A /* Frameworks */,
				31251F8F205C2CCF000EC06A /* Resources */,
				E58EFCB752963159A8990C9B /* [CP] Embed Pods Frameworks */,
				75AFC3D60F42758F6E13AB63 /* [CP] Copy Pods Resources */,
			);
			buildRules = (
			);
			dependencies = (
			);
			name = RealmSample;
			productName = RealmSample;
			productReference = 31251F91205C2CCF000EC06A /* RealmSample.app */;
			productType = "com.apple.product-type.application";
		};
/* End PBXNativeTarget section */

/* Begin PBXProject section */
		31251F89205C2CCF000EC06A /* Project object */ = {
			isa = PBXProject;
			attributes = {
				LastSwiftUpdateCheck = 0920;
				LastUpgradeCheck = 0920;
				ORGANIZATIONNAME = cano;
				TargetAttributes = {
					31251F90205C2CCF000EC06A = {
						CreatedOnToolsVersion = 9.2;
						ProvisioningStyle = Automatic;
					};
				};
			};
			buildConfigurationList = 31251F8C205C2CCF000EC06A /* Build configuration list for PBXProject "RealmSample" */;
			compatibilityVersion = "Xcode 8.0";
			developmentRegion = en;
			hasScannedForEncodings = 0;
			knownRegions = (
				en,
				Base,
			);
			mainGroup = 31251F88205C2CCF000EC06A;
			productRefGroup = 31251F92205C2CCF000EC06A /* Products */;
			projectDirPath = "";
			projectRoot = "";
			targets = (
				31251F90205C2CCF000EC06A /* RealmSample */,
			);
		};
/* End PBXProject section */

/* Begin PBXResourcesBuildPhase section */
		31251F8F205C2CCF000EC06A /* Resources */ = {
			isa = PBXResourcesBuildPhase;
			buildActionMask = 2147483647;
			files = (
				31251F9F205C2CCF000EC06A /* LaunchScreen.storyboard in Resources */,
				31251F9C205C2CCF000EC06A /* Assets.xcassets in Resources */,
				31251F9A205C2CCF000EC06A /* Main.storyboard in Resources */,
			);
			runOnlyForDeploymentPostprocessing = 0;
		};
/* End PBXResourcesBuildPhase section */

/* Begin PBXShellScriptBuildPhase section */
		3CCE9CFCBDBB908F1D0D21A5 /* [CP] Check Pods Manifest.lock */ = {
			isa = PBXShellScriptBuildPhase;
			buildActionMask = 2147483647;
			files = (
			);
			inputPaths = (
				"${PODS_PODFILE_DIR_PATH}/Podfile.lock",
				"${PODS_ROOT}/Manifest.lock",
			);
			name = "[CP] Check Pods Manifest.lock";
			outputPaths = (
				"$(DERIVED_FILE_DIR)/Pods-RealmSample-checkManifestLockResult.txt",
			);
			runOnlyForDeploymentPostprocessing = 0;
			shellPath = /bin/sh;
			shellScript = "diff \"${PODS_PODFILE_DIR_PATH}/Podfile.lock\" \"${PODS_ROOT}/Manifest.lock\" > /dev/null\nif [ $? != 0 ] ; then\n    # print error to STDERR\n    echo \"error: The sandbox is not in sync with the Podfile.lock. Run 'pod install' or update your CocoaPods installation.\" >&2\n    exit 1\nfi\n# This output is used by Xcode 'outputs' to avoid re-running this script phase.\necho \"SUCCESS\" > \"${SCRIPT_OUTPUT_FILE_0}\"\n";
			showEnvVarsInLog = 0;
		};
		75AFC3D60F42758F6E13AB63 /* [CP] Copy Pods Resources */ = {
			isa = PBXShellScriptBuildPhase;
			buildActionMask = 2147483647;
			files = (
			);
			inputPaths = (
			);
			name = "[CP] Copy Pods Resources";
			outputPaths = (
			);
			runOnlyForDeploymentPostprocessing = 0;
			shellPath = /bin/sh;
			shellScript = "\"${SRCROOT}/Pods/Target Support Files/Pods-RealmSample/Pods-RealmSample-resources.sh\"\n";
			showEnvVarsInLog = 0;
		};
		E58EFCB752963159A8990C9B /* [CP] Embed Pods Frameworks */ = {
			isa = PBXShellScriptBuildPhase;
			buildActionMask = 2147483647;
			files = (
			);
			inputPaths = (
				"${SRCROOT}/Pods/Target Support Files/Pods-RealmSample/Pods-RealmSample-frameworks.sh",
				"${BUILT_PRODUCTS_DIR}/Realm/Realm.framework",
				"${BUILT_PRODUCTS_DIR}/RealmSwift/RealmSwift.framework",
			);
			name = "[CP] Embed Pods Frameworks";
			outputPaths = (
				"${TARGET_BUILD_DIR}/${FRAMEWORKS_FOLDER_PATH}/Realm.framework",
				"${TARGET_BUILD_DIR}/${FRAMEWORKS_FOLDER_PATH}/RealmSwift.framework",
			);
			runOnlyForDeploymentPostprocessing = 0;
			shellPath = /bin/sh;
			shellScript = "\"${SRCROOT}/Pods/Target Support Files/Pods-RealmSample/Pods-RealmSample-frameworks.sh\"\n";
			showEnvVarsInLog = 0;
		};
/* End PBXShellScriptBuildPhase section */

/* Begin PBXSourcesBuildPhase section */
		31251F8D205C2CCF000EC06A /* Sources */ = {
			isa = PBXSourcesBuildPhase;
			buildActionMask = 2147483647;
			files = (
				31251FAA205C2EBA000EC06A /* Prefecture.swift in Sources */,
				31251FA8205C2D6F000EC06A /* RealmController.swift in Sources */,
				31251F97205C2CCF000EC06A /* ViewController.swift in Sources */,
				31251F95205C2CCF000EC06A /* AppDelegate.swift in Sources */,
			);
			runOnlyForDeploymentPostprocessing = 0;
		};
/* End PBXSourcesBuildPhase section */

/* Begin PBXVariantGroup section */
		31251F98205C2CCF000EC06A /* Main.storyboard */ = {
			isa = PBXVariantGroup;
			children = (
				31251F99205C2CCF000EC06A /* Base */,
			);
			name = Main.storyboard;
			sourceTree = "<group>";
		};
		31251F9D205C2CCF000EC06A /* LaunchScreen.storyboard */ = {
			isa = PBXVariantGroup;
			children = (
				31251F9E205C2CCF000EC06A /* Base */,
			);
			name = LaunchScreen.storyboard;
			sourceTree = "<group>";
		};
/* End PBXVariantGroup section */

/* Begin XCBuildConfiguration section */
		31251FA1205C2CCF000EC06A /* Debug */ = {
			isa = XCBuildConfiguration;
			buildSettings = {
				ALWAYS_SEARCH_USER_PATHS = NO;
				CLANG_ANALYZER_NONNULL = YES;
				CLANG_ANALYZER_NUMBER_OBJECT_CONVERSION = YES_AGGRESSIVE;
				CLANG_CXX_LANGUAGE_STANDARD = "gnu++14";
				CLANG_CXX_LIBRARY = "libc++";
				CLANG_ENABLE_MODULES = YES;
				CLANG_ENABLE_OBJC_ARC = YES;
				CLANG_WARN_BLOCK_CAPTURE_AUTORELEASING = YES;
				CLANG_WARN_BOOL_CONVERSION = YES;
				CLANG_WARN_COMMA = YES;
				CLANG_WARN_CONSTANT_CONVERSION = YES;
				CLANG_WARN_DIRECT_OBJC_ISA_USAGE = YES_ERROR;
				CLANG_WARN_DOCUMENTATION_COMMENTS = YES;
				CLANG_WARN_EMPTY_BODY = YES;
				CLANG_WARN_ENUM_CONVERSION = YES;
				CLANG_WARN_INFINITE_RECURSION = YES;
				CLANG_WARN_INT_CONVERSION = YES;
				CLANG_WARN_NON_LITERAL_NULL_CONVERSION = YES;
				CLANG_WARN_OBJC_LITERAL_CONVERSION = YES;
				CLANG_WARN_OBJC_ROOT_CLASS = YES_ERROR;
				CLANG_WARN_RANGE_LOOP_ANALYSIS = YES;
				CLANG_WARN_STRICT_PROTOTYPES = YES;
				CLANG_WARN_SUSPICIOUS_MOVE = YES;
				CLANG_WARN_UNGUARDED_AVAILABILITY = YES_AGGRESSIVE;
				CLANG_WARN_UNREACHABLE_CODE = YES;
				CLANG_WARN__DUPLICATE_METHOD_MATCH = YES;
				CODE_SIGN_IDENTITY = "iPhone Developer";
				COPY_PHASE_STRIP = NO;
				DEBUG_INFORMATION_FORMAT = dwarf;
				ENABLE_STRICT_OBJC_MSGSEND = YES;
				ENABLE_TESTABILITY = YES;
				GCC_C_LANGUAGE_STANDARD = gnu11;
				GCC_DYNAMIC_NO_PIC = NO;
				GCC_NO_COMMON_BLOCKS = YES;
				GCC_OPTIMIZATION_LEVEL = 0;
				GCC_PREPROCESSOR_DEFINITIONS = (
					"DEBUG=1",
					"$(inherited)",
				);
				GCC_WARN_64_TO_32_BIT_CONVERSION = YES;
				GCC_WARN_ABOUT_RETURN_TYPE = YES_ERROR;
				GCC_WARN_UNDECLARED_SELECTOR = YES;
				GCC_WARN_UNINITIALIZED_AUTOS = YES_AGGRESSIVE;
				GCC_WARN_UNUSED_FUNCTION = YES;
				GCC_WARN_UNUSED_VARIABLE = YES;
				IPHONEOS_DEPLOYMENT_TARGET = 11.2;
				MTL_ENABLE_DEBUG_INFO = YES;
				ONLY_ACTIVE_ARCH = YES;
				SDKROOT = iphoneos;
				SWIFT_ACTIVE_COMPILATION_CONDITIONS = DEBUG;
				SWIFT_OPTIMIZATION_LEVEL = "-Onone";
			};
			name = Debug;
		};
		31251FA2205C2CCF000EC06A /* Release */ = {
			isa = XCBuildConfiguration;
			buildSettings = {
				ALWAYS_SEARCH_USER_PATHS = NO;
				CLANG_ANALYZER_NONNULL = YES;
				CLANG_ANALYZER_NUMBER_OBJECT_CONVERSION = YES_AGGRESSIVE;
				CLANG_CXX_LANGUAGE_STANDARD = "gnu++14";
				CLANG_CXX_LIBRARY = "libc++";
				CLANG_ENABLE_MODULES = YES;
				CLANG_ENABLE_OBJC_ARC = YES;
				CLANG_WARN_BLOCK_CAPTURE_AUTORELEASING = YES;
				CLANG_WARN_BOOL_CONVERSION = YES;
				CLANG_WARN_COMMA = YES;
				CLANG_WARN_CONSTANT_CONVERSION = YES;
				CLANG_WARN_DIRECT_OBJC_ISA_USAGE = YES_ERROR;
				CLANG_WARN_DOCUMENTATION_COMMENTS = YES;
				CLANG_WARN_EMPTY_BODY = YES;
				CLANG_WARN_ENUM_CONVERSION = YES;
				CLANG_WARN_INFINITE_RECURSION = YES;
				CLANG_WARN_INT_CONVERSION = YES;
				CLANG_WARN_NON_LITERAL_NULL_CONVERSION = YES;
				CLANG_WARN_OBJC_LITERAL_CONVERSION = YES;
				CLANG_WARN_OBJC_ROOT_CLASS = YES_ERROR;
				CLANG_WARN_RANGE_LOOP_ANALYSIS = YES;
				CLANG_WARN_STRICT_PROTOTYPES = YES;
				CLANG_WARN_SUSPICIOUS_MOVE = YES;
				CLANG_WARN_UNGUARDED_AVAILABILITY = YES_AGGRESSIVE;
				CLANG_WARN_UNREACHABLE_CODE = YES;
				CLANG_WARN__DUPLICATE_METHOD_MATCH = YES;
				CODE_SIGN_IDENTITY = "iPhone Developer";
				COPY_PHASE_STRIP = NO;
				DEBUG_INFORMATION_FORMAT = "dwarf-with-dsym";
				ENABLE_NS_ASSERTIONS = NO;
				ENABLE_STRICT_OBJC_MSGSEND = YES;
				GCC_C_LANGUAGE_STANDARD = gnu11;
				GCC_NO_COMMON_BLOCKS = YES;
				GCC_WARN_64_TO_32_BIT_CONVERSION = YES;
				GCC_WARN_ABOUT_RETURN_TYPE = YES_ERROR;
				GCC_WARN_UNDECLARED_SELECTOR = YES;
				GCC_WARN_UNINITIALIZED_AUTOS = YES_AGGRESSIVE;
				GCC_WARN_UNUSED_FUNCTION = YES;
				GCC_WARN_UNUSED_VARIABLE = YES;
				IPHONEOS_DEPLOYMENT_TARGET = 11.2;
				MTL_ENABLE_DEBUG_INFO = NO;
				SDKROOT = iphoneos;
				SWIFT_OPTIMIZATION_LEVEL = "-Owholemodule";
				VALIDATE_PRODUCT = YES;
			};
			name = Release;
		};
		31251FA4205C2CCF000EC06A /* Debug */ = {
			isa = XCBuildConfiguration;
			baseConfigurationReference = 4DCB52FA3D48BF99D98DC737 /* Pods-RealmSample.debug.xcconfig */;
			buildSettings = {
				ASSETCATALOG_COMPILER_APPICON_NAME = AppIcon;
				CODE_SIGN_STYLE = Automatic;
				INFOPLIST_FILE = RealmSample/Info.plist;
				LD_RUNPATH_SEARCH_PATHS = "$(inherited) @executable_path/Frameworks";
				PRODUCT_BUNDLE_IDENTIFIER = deskplate.RealmSample;
				PRODUCT_NAME = "$(TARGET_NAME)";
				SWIFT_VERSION = 4.0;
				TARGETED_DEVICE_FAMILY = "1,2";
			};
			name = Debug;
		};
		31251FA5205C2CCF000EC06A /* Release */ = {
			isa = XCBuildConfiguration;
			baseConfigurationReference = 33BC0A06377CFD5B7A719825 /* Pods-RealmSample.release.xcconfig */;
			buildSettings = {
				ASSETCATALOG_COMPILER_APPICON_NAME = AppIcon;
				CODE_SIGN_STYLE = Automatic;
				INFOPLIST_FILE = RealmSample/Info.plist;
				LD_RUNPATH_SEARCH_PATHS = "$(inherited) @executable_path/Frameworks";
				PRODUCT_BUNDLE_IDENTIFIER = deskplate.RealmSample;
				PRODUCT_NAME = "$(TARGET_NAME)";
				SWIFT_VERSION = 4.0;
				TARGETED_DEVICE_FAMILY = "1,2";
			};
			name = Release;
		};
/* End XCBuildConfiguration section */

/* Begin XCConfigurationList section */
		31251F8C205C2CCF000EC06A /* Build configuration list for PBXProject "RealmSample" */ = {
			isa = XCConfigurationList;
			buildConfigurations = (
				31251FA1205C2CCF000EC06A /* Debug */,
				31251FA2205C2CCF000EC06A /* Release */,
			);
			defaultConfigurationIsVisible = 0;
			defaultConfigurationName = Release;
		};
		31251FA3205C2CCF000EC06A /* Build configuration list for PBXNativeTarget "RealmSample" */ = {
			isa = XCConfigurationList;
			buildConfigurations = (
				31251FA4205C2CCF000EC06A /* Debug */,
				31251FA5205C2CCF000EC06A /* Release */,
			);
			defaultConfigurationIsVisible = 0;
			defaultConfigurationName = Release;
		};
/* End XCConfigurationList section */
	};
	rootObject = 31251F89205C2CCF000EC06A /* Project object */;
}
